{
  "name": "magichome",
  "version": "1.0.0",
  "lockfileVersion": 1,
  "requires": true,
  "dependencies": {
    "magic-home": {
      "version": "2.1.1",
      "resolved": "https://registry.npmjs.org/magic-home/-/magic-home-2.1.1.tgz",
      "integrity": "sha512-+xT4c7lUUDnKsKmXCYu82P9Wjg65qbQig6Vep9L0TtJOhL5aZ4Wy9NtxcpHq7nSi9JeiDcSseR7wdgKK76xh+Q=="
    }
  }
}
